{
  "name": "cours01",
  "lockfileVersion": 3,
  "requires": true,
  "packages": {
    "": {
      "dependencies": {
        "sql-wasm": "^1.1.4"
      }
    },
    "node_modules/sql-wasm": {
      "version": "1.1.4",
      "resolved": "https://registry.npmjs.org/sql-wasm/-/sql-wasm-1.1.4.tgz",
      "integrity": "sha512-QRaphdrD4fGhQuHWX1NdRK7+L89sp0heD3dl9a687DqRJnYGudHEE05lzaP0YNzRre8NMtIPY6XTyEJ/DA0vLA==",
      "license": "MIT"
    }
  }
}
